// !$*UTF8*$!
{
	archiveVersion = 1;
	classes = {
	};
	objectVersion = 56;
	objects = {

/* Begin PBXBuildFile section */
		7E1FCBD229CB486E0040C661 /* PinchApp.swift in Sources */ = {isa = PBXBuildFile; fileRef = 7E1FCBD129CB486E0040C661 /* PinchApp.swift */; };
		7E1FCBD429CB486E0040C661 /* ContentView.swift in Sources */ = {isa = PBXBuildFile; fileRef = 7E1FCBD329CB486E0040C661 /* ContentView.swift */; };
		7E1FCBD629CB486F0040C661 /* Assets.xcassets in Resources */ = {isa = PBXBuildFile; fileRef = 7E1FCBD529CB486F0040C661 /* Assets.xcassets */; };
		7E1FCBD929CB486F0040C661 /* Preview Assets.xcassets in Resources */ = {isa = PBXBuildFile; fileRef = 7E1FCBD829CB486F0040C661 /* Preview Assets.xcassets */; };
		7E1FCBE329CB486F0040C661 /* PinchTests.swift in Sources */ = {isa = PBXBuildFile; fileRef = 7E1FCBE229CB486F0040C661 /* PinchTests.swift */; };
		7E1FCBED29CB486F0040C661 /* PinchUITests.swift in Sources */ = {isa = PBXBuildFile; fileRef = 7E1FCBEC29CB486F0040C661 /* PinchUITests.swift */; };
		7E1FCBEF29CB486F0040C661 /* PinchUITestsLaunchTests.swift in Sources */ = {isa = PBXBuildFile; fileRef = 7E1FCBEE29CB486F0040C661 /* PinchUITestsLaunchTests.swift */; };
		7E2C9AD629CF0FCF00073C4B /* InfoPanelView.swift in Sources */ = {isa = PBXBuildFile; fileRef = 7E2C9AD529CF0FCF00073C4B /* InfoPanelView.swift */; };
		7EB2C10429D1D0CF00CA795C /* ControleImageView.swift in Sources */ = {isa = PBXBuildFile; fileRef = 7EB2C10329D1D0CF00CA795C /* ControleImageView.swift */; };
/* End PBXBuildFile section */

/* Begin PBXContainerItemProxy section */
		7E1FCBDF29CB486F0040C661 /* PBXContainerItemProxy */ = {
			isa = PBXContainerItemProxy;
			containerPortal = 7E1FCBC629CB486E0040C661 /* Project object */;
			proxyType = 1;
			remoteGlobalIDString = 7E1FCBCD29CB486E0040C661;
			remoteInfo = Pinch;
		};
		7E1FCBE929CB486F0040C661 /* PBXContainerItemProxy */ = {
			isa = PBXContainerItemProxy;
			containerPortal = 7E1FCBC629CB486E0040C661 /* Project object */;
			proxyType = 1;
			remoteGlobalIDString = 7E1FCBCD29CB486E0040C661;
			remoteInfo = Pinch;
		};
/* End PBXContainerItemProxy section */

/* Begin PBXFileReference section */
		7E1FCBCE29CB486E0040C661 /* Pinch.app */ = {isa = PBXFileReference; explicitFileType = wrapper.application; includeInIndex = 0; path = Pinch.app; sourceTree = BUILT_PRODUCTS_DIR; };
		7E1FCBD129CB486E0040C661 /* PinchApp.swift */ = {isa = PBXFileReference; lastKnownFileType = sourcecode.swift; path = PinchApp.swift; sourceTree = "<group>"; };
		7E1FCBD329CB486E0040C661 /* ContentView.swift */ = {isa = PBXFileReference; lastKnownFileType = sourcecode.swift; path = ContentView.swift; sourceTree = "<group>"; };
		7E1FCBD529CB486F0040C661 /* Assets.xcassets */ = {isa = PBXFileReference; lastKnownFileType = folder.assetcatalog; path = Assets.xcassets; sourceTree = "<group>"; };
		7E1FCBD829CB486F0040C661 /* Preview Assets.xcassets */ = {isa = PBXFileReference; lastKnownFileType = folder.assetcatalog; path = "Preview Assets.xcassets"; sourceTree = "<group>"; };
		7E1FCBDE29CB486F0040C661 /* PinchTests.xctest */ = {isa = PBXFileReference; explicitFileType = wrapper.cfbundle; includeInIndex = 0; path = PinchTests.xctest; sourceTree = BUILT_PRODUCTS_DIR; };
		7E1FCBE229CB486F0040C661 /* PinchTests.swift */ = {isa = PBXFileReference; lastKnownFileType = sourcecode.swift; path = PinchTests.swift; sourceTree = "<group>"; };
		7E1FCBE829CB486F0040C661 /* PinchUITests.xctest */ = {isa = PBXFileReference; explicitFileType = wrapper.cfbundle; includeInIndex = 0; path = PinchUITests.xctest; sourceTree = BUILT_PRODUCTS_DIR; };
		7E1FCBEC29CB486F0040C661 /* PinchUITests.swift */ = {isa = PBXFileReference; lastKnownFileType = sourcecode.swift; path = PinchUITests.swift; sourceTree = "<group>"; };
		7E1FCBEE29CB486F0040C661 /* PinchUITestsLaunchTests.swift */ = {isa = PBXFileReference; lastKnownFileType = sourcecode.swift; path = PinchUITestsLaunchTests.swift; sourceTree = "<group>"; };
		7E2C9AD529CF0FCF00073C4B /* InfoPanelView.swift */ = {isa = PBXFileReference; lastKnownFileType = sourcecode.swift; path = InfoPanelView.swift; sourceTree = "<group>"; };
		7EB2C10329D1D0CF00CA795C /* ControleImageView.swift */ = {isa = PBXFileReference; lastKnownFileType = sourcecode.swift; path = ControleImageView.swift; sourceTree = "<group>"; };
/* End PBXFileReference section */

/* Begin PBXFrameworksBuildPhase section */
		7E1FCBCB29CB486E0040C661 /* Frameworks */ = {
			isa = PBXFrameworksBuildPhase;
			buildActionMask = 2147483647;
			files = (
			);
			runOnlyForDeploymentPostprocessing = 0;
		};
		7E1FCBDB29CB486F0040C661 /* Frameworks */ = {
			isa = PBXFrameworksBuildPhase;
			buildActionMask = 2147483647;
			files = (
			);
			runOnlyForDeploymentPostprocessing = 0;
		};
		7E1FCBE529CB486F0040C661 /* Frameworks */ = {
			isa = PBXFrameworksBuildPhase;
			buildActionMask = 2147483647;
			files = (
			);
			runOnlyForDeploymentPostprocessing = 0;
		};
/* End PBXFrameworksBuildPhase section */

/* Begin PBXGroup section */
		7E1FCBC529CB486E0040C661 = {
			isa = PBXGroup;
			children = (
				7E1FCBD029CB486E0040C661 /* Pinch */,
				7E1FCBE129CB486F0040C661 /* PinchTests */,
				7E1FCBEB29CB486F0040C661 /* PinchUITests */,
				7E1FCBCF29CB486E0040C661 /* Products */,
			);
			sourceTree = "<group>";
		};
		7E1FCBCF29CB486E0040C661 /* Products */ = {
			isa = PBXGroup;
			children = (
				7E1FCBCE29CB486E0040C661 /* Pinch.app */,
				7E1FCBDE29CB486F0040C661 /* PinchTests.xctest */,
				7E1FCBE829CB486F0040C661 /* PinchUITests.xctest */,
			);
			name = Products;
			sourceTree = "<group>";
		};
		7E1FCBD029CB486E0040C661 /* Pinch */ = {
			isa = PBXGroup;
			children = (
				7E1FCBFF29CB4A8B0040C661 /* Data */,
				7E1FCBFE29CB4A850040C661 /* Model */,
				7E1FCBFC29CB4A600040C661 /* View */,
				7E1FCBD129CB486E0040C661 /* PinchApp.swift */,
				7E1FCBFB29CB4A4C0040C661 /* Screen */,
				7E1FCBD529CB486F0040C661 /* Assets.xcassets */,
				7E1FCBD729CB486F0040C661 /* Preview Content */,
			);
			path = Pinch;
			sourceTree = "<group>";
		};
		7E1FCBD729CB486F0040C661 /* Preview Content */ = {
			isa = PBXGroup;
			children = (
				7E1FCBD829CB486F0040C661 /* Preview Assets.xcassets */,
			);
			path = "Preview Content";
			sourceTree = "<group>";
		};
		7E1FCBE129CB486F0040C661 /* PinchTests */ = {
			isa = PBXGroup;
			children = (
				7E1FCBE229CB486F0040C661 /* PinchTests.swift */,
			);
			path = PinchTests;
			sourceTree = "<group>";
		};
		7E1FCBEB29CB486F0040C661 /* PinchUITests */ = {
			isa = PBXGroup;
			children = (
				7E1FCBEC29CB486F0040C661 /* PinchUITests.swift */,
				7E1FCBEE29CB486F0040C661 /* PinchUITestsLaunchTests.swift */,
			);
			path = PinchUITests;
			sourceTree = "<group>";
		};
		7E1FCBFB29CB4A4C0040C661 /* Screen */ = {
			isa = PBXGroup;
			children = (
				7E1FCBD329CB486E0040C661 /* ContentView.swift */,
			);
			path = Screen;
			sourceTree = "<group>";
		};
		7E1FCBFC29CB4A600040C661 /* View */ = {
			isa = PBXGroup;
			children = (
				7E2C9AD529CF0FCF00073C4B /* InfoPanelView.swift */,
				7EB2C10329D1D0CF00CA795C /* ControleImageView.swift */,
			);
			path = View;
			sourceTree = "<group>";
		};
		7E1FCBFE29CB4A850040C661 /* Model */ = {
			isa = PBXGroup;
			children = (
			);
			path = Model;
			sourceTree = "<group>";
		};
		7E1FCBFF29CB4A8B0040C661 /* Data */ = {
			isa = PBXGroup;
			children = (
			);
			path = Data;
			sourceTree = "<group>";
		};
/* End PBXGroup section */

/* Begin PBXNativeTarget section */
		7E1FCBCD29CB486E0040C661 /* Pinch */ = {
			isa = PBXNativeTarget;
			buildConfigurationList = 7E1FCBF229CB486F0040C661 /* Build configuration list for PBXNativeTarget "Pinch" */;
			buildPhases = (
				7E1FCBCA29CB486E0040C661 /* Sources */,
				7E1FCBCB29CB486E0040C661 /* Frameworks */,
				7E1FCBCC29CB486E0040C661 /* Resources */,
			);
			buildRules = (
			);
			dependencies = (
			);
			name = Pinch;
			productName = Pinch;
			productReference = 7E1FCBCE29CB486E0040C661 /* Pinch.app */;
			productType = "com.apple.product-type.application";
		};
		7E1FCBDD29CB486F0040C661 /* PinchTests */ = {
			isa = PBXNativeTarget;
			buildConfigurationList = 7E1FCBF529CB486F0040C661 /* Build configuration list for PBXNativeTarget "PinchTests" */;
			buildPhases = (
				7E1FCBDA29CB486F0040C661 /* Sources */,
				7E1FCBDB29CB486F0040C661 /* Frameworks */,
				7E1FCBDC29CB486F0040C661 /* Resources */,
			);
			buildRules = (
			);
			dependencies = (
				7E1FCBE029CB486F0040C661 /* PBXTargetDependency */,
			);
			name = PinchTests;
			productName = PinchTests;
			productReference = 7E1FCBDE29CB486F0040C661 /* PinchTests.xctest */;
			productType = "com.apple.product-type.bundle.unit-test";
		};
		7E1FCBE729CB486F0040C661 /* PinchUITests */ = {
			isa = PBXNativeTarget;
			buildConfigurationList = 7E1FCBF829CB486F0040C661 /* Build configuration list for PBXNativeTarget "PinchUITests" */;
			buildPhases = (
				7E1FCBE429CB486F0040C661 /* Sources */,
				7E1FCBE529CB486F0040C661 /* Frameworks */,
				7E1FCBE629CB486F0040C661 /* Resources */,
			);
			buildRules = (
			);
			dependencies = (
				7E1FCBEA29CB486F0040C661 /* PBXTargetDependency */,
			);
			name = PinchUITests;
			productName = PinchUITests;
			productReference = 7E1FCBE829CB486F0040C661 /* PinchUITests.xctest */;
			productType = "com.apple.product-type.bundle.ui-testing";
		};
/* End PBXNativeTarget section */

/* Begin PBXProject section */
		7E1FCBC629CB486E0040C661 /* Project object */ = {
			isa = PBXProject;
			attributes = {
				BuildIndependentTargetsInParallel = 1;
				LastSwiftUpdateCheck = 1400;
				LastUpgradeCheck = 1400;
				TargetAttributes = {
					7E1FCBCD29CB486E0040C661 = {
						CreatedOnToolsVersion = 14.0.1;
					};
					7E1FCBDD29CB486F0040C661 = {
						CreatedOnToolsVersion = 14.0.1;
						TestTargetID = 7E1FCBCD29CB486E0040C661;
					};
					7E1FCBE729CB486F0040C661 = {
						CreatedOnToolsVersion = 14.0.1;
						TestTargetID = 7E1FCBCD29CB486E0040C661;
					};
				};
			};
			buildConfigurationList = 7E1FCBC929CB486E0040C661 /* Build configuration list for PBXProject "Pinch" */;
			compatibilityVersion = "Xcode 14.0";
			developmentRegion = en;
			hasScannedForEncodings = 0;
			knownRegions = (
				en,
				Base,
			);
			mainGroup = 7E1FCBC529CB486E0040C661;
			productRefGroup = 7E1FCBCF29CB486E0040C661 /* Products */;
			projectDirPath = "";
			projectRoot = "";
			targets = (
				7E1FCBCD29CB486E0040C661 /* Pinch */,
				7E1FCBDD29CB486F0040C661 /* PinchTests */,
				7E1FCBE729CB486F0040C661 /* PinchUITests */,
			);
		};
/* End PBXProject section */

/* Begin PBXResourcesBuildPhase section */
		7E1FCBCC29CB486E0040C661 /* Resources */ = {
			isa = PBXResourcesBuildPhase;
			buildActionMask = 2147483647;
			files = (
				7E1FCBD929CB486F0040C661 /* Preview Assets.xcassets in Resources */,
				7E1FCBD629CB486F0040C661 /* Assets.xcassets in Resources */,
			);
			runOnlyForDeploymentPostprocessing = 0;
		};
		7E1FCBDC29CB486F0040C661 /* Resources */ = {
			isa = PBXResourcesBuildPhase;
			buildActionMask = 2147483647;
			files = (
			);
			runOnlyForDeploymentPostprocessing = 0;
		};
		7E1FCBE629CB486F0040C661 /* Resources */ = {
			isa = PBXResourcesBuildPhase;
			buildActionMask = 2147483647;
			files = (
			);
			runOnlyForDeploymentPostprocessing = 0;
		};
/* End PBXResourcesBuildPhase section */

/* Begin PBXSourcesBuildPhase section */
		7E1FCBCA29CB486E0040C661 /* Sources */ = {
			isa = PBXSourcesBuildPhase;
			buildActionMask = 2147483647;
			files = (
				7E1FCBD429CB486E0040C661 /* ContentView.swift in Sources */,
				7E1FCBD229CB486E0040C661 /* PinchApp.swift in Sources */,
				7EB2C10429D1D0CF00CA795C /* ControleImageView.swift in Sources */,
				7E2C9AD629CF0FCF00073C4B /* InfoPanelView.swift in Sources */,
			);
			runOnlyForDeploymentPostprocessing = 0;
		};
		7E1FCBDA29CB486F0040C661 /* Sources */ = {
			isa = PBXSourcesBuildPhase;
			buildActionMask = 2147483647;
			files = (
				7E1FCBE329CB486F0040C661 /* PinchTests.swift in Sources */,
			);
			runOnlyForDeploymentPostprocessing = 0;
		};
		7E1FCBE429CB486F0040C661 /* Sources */ = {
			isa = PBXSourcesBuildPhase;
			buildActionMask = 2147483647;
			files = (
				7E1FCBED29CB486F0040C661 /* PinchUITests.swift in Sources */,
				7E1FCBEF29CB486F0040C661 /* PinchUITestsLaunchTests.swift in Sources */,
			);
			runOnlyForDeploymentPostprocessing = 0;
		};
/* End PBXSourcesBuildPhase section */

/* Begin PBXTargetDependency section */
		7E1FCBE029CB486F0040C661 /* PBXTargetDependency */ = {
			isa = PBXTargetDependency;
			target = 7E1FCBCD29CB486E0040C661 /* Pinch */;
			targetProxy = 7E1FCBDF29CB486F0040C661 /* PBXContainerItemProxy */;
		};
		7E1FCBEA29CB486F0040C661 /* PBXTargetDependency */ = {
			isa = PBXTargetDependency;
			target = 7E1FCBCD29CB486E0040C661 /* Pinch */;
			targetProxy = 7E1FCBE929CB486F0040C661 /* PBXContainerItemProxy */;
		};
/* End PBXTargetDependency section */

/* Begin XCBuildConfiguration section */
		7E1FCBF029CB486F0040C661 /* Debug */ = {
			isa = XCBuildConfiguration;
			buildSettings = {
				ALWAYS_SEARCH_USER_PATHS = NO;
				CLANG_ANALYZER_NONNULL = YES;
				CLANG_ANALYZER_NUMBER_OBJECT_CONVERSION = YES_AGGRESSIVE;
				CLANG_CXX_LANGUAGE_STANDARD = "gnu++20";
				CLANG_ENABLE_MODULES = YES;
				CLANG_ENABLE_OBJC_ARC = YES;
				CLANG_ENABLE_OBJC_WEAK = YES;
				CLANG_WARN_BLOCK_CAPTURE_AUTORELEASING = YES;
				CLANG_WARN_BOOL_CONVERSION = YES;
				CLANG_WARN_COMMA = YES;
				CLANG_WARN_CONSTANT_CONVERSION = YES;
				CLANG_WARN_DEPRECATED_OBJC_IMPLEMENTATIONS = YES;
				CLANG_WARN_DIRECT_OBJC_ISA_USAGE = YES_ERROR;
				CLANG_WARN_DOCUMENTATION_COMMENTS = YES;
				CLANG_WARN_EMPTY_BODY = YES;
				CLANG_WARN_ENUM_CONVERSION = YES;
				CLANG_WARN_INFINITE_RECURSION = YES;
				CLANG_WARN_INT_CONVERSION = YES;
				CLANG_WARN_NON_LITERAL_NULL_CONVERSION = YES;
				CLANG_WARN_OBJC_IMPLICIT_RETAIN_SELF = YES;
				CLANG_WARN_OBJC_LITERAL_CONVERSION = YES;
				CLANG_WARN_OBJC_ROOT_CLASS = YES_ERROR;
				CLANG_WARN_QUOTED_INCLUDE_IN_FRAMEWORK_HEADER = YES;
				CLANG_WARN_RANGE_LOOP_ANALYSIS = YES;
				CLANG_WARN_STRICT_PROTOTYPES = YES;
				CLANG_WARN_SUSPICIOUS_MOVE = YES;
				CLANG_WARN_UNGUARDED_AVAILABILITY = YES_AGGRESSIVE;
				CLANG_WARN_UNREACHABLE_CODE = YES;
				CLANG_WARN__DUPLICATE_METHOD_MATCH = YES;
				COPY_PHASE_STRIP = NO;
				DEBUG_INFORMATION_FORMAT = dwarf;
				ENABLE_STRICT_OBJC_MSGSEND = YES;
				ENABLE_TESTABILITY = YES;
				GCC_C_LANGUAGE_STANDARD = gnu11;
				GCC_DYNAMIC_NO_PIC = NO;
				GCC_NO_COMMON_BLOCKS = YES;
				GCC_OPTIMIZATION_LEVEL = 0;
				GCC_PREPROCESSOR_DEFINITIONS = (
					"DEBUG=1",
					"$(inherited)",
				);
				GCC_WARN_64_TO_32_BIT_CONVERSION = YES;
				GCC_WARN_ABOUT_RETURN_TYPE = YES_ERROR;
				GCC_WARN_UNDECLARED_SELECTOR = YES;
				GCC_WARN_UNINITIALIZED_AUTOS = YES_AGGRESSIVE;
				GCC_WARN_UNUSED_FUNCTION = YES;
				GCC_WARN_UNUSED_VARIABLE = YES;
				IPHONEOS_DEPLOYMENT_TARGET = 16.0;
				MTL_ENABLE_DEBUG_INFO = INCLUDE_SOURCE;
				MTL_FAST_MATH = YES;
				ONLY_ACTIVE_ARCH = YES;
				SDKROOT = iphoneos;
				SWIFT_ACTIVE_COMPILATION_CONDITIONS = DEBUG;
				SWIFT_OPTIMIZATION_LEVEL = "-Onone";
			};
			name = Debug;
		};
		7E1FCBF129CB486F0040C661 /* Release */ = {
			isa = XCBuildConfiguration;
			buildSettings = {
				ALWAYS_SEARCH_USER_PATHS = NO;
				CLANG_ANALYZER_NONNULL = YES;
				CLANG_ANALYZER_NUMBER_OBJECT_CONVERSION = YES_AGGRESSIVE;
				CLANG_CXX_LANGUAGE_STANDARD = "gnu++20";
				CLANG_ENABLE_MODULES = YES;
				CLANG_ENABLE_OBJC_ARC = YES;
				CLANG_ENABLE_OBJC_WEAK = YES;
				CLANG_WARN_BLOCK_CAPTURE_AUTORELEASING = YES;
				CLANG_WARN_BOOL_CONVERSION = YES;
				CLANG_WARN_COMMA = YES;
				CLANG_WARN_CONSTANT_CONVERSION = YES;
				CLANG_WARN_DEPRECATED_OBJC_IMPLEMENTATIONS = YES;
				CLANG_WARN_DIRECT_OBJC_ISA_USAGE = YES_ERROR;
				CLANG_WARN_DOCUMENTATION_COMMENTS = YES;
				CLANG_WARN_EMPTY_BODY = YES;
				CLANG_WARN_ENUM_CONVERSION = YES;
				CLANG_WARN_INFINITE_RECURSION = YES;
				CLANG_WARN_INT_CONVERSION = YES;
				CLANG_WARN_NON_LITERAL_NULL_CONVERSION = YES;
				CLANG_WARN_OBJC_IMPLICIT_RETAIN_SELF = YES;
				CLANG_WARN_OBJC_LITERAL_CONVERSION = YES;
				CLANG_WARN_OBJC_ROOT_CLASS = YES_ERROR;
				CLANG_WARN_QUOTED_INCLUDE_IN_FRAMEWORK_HEADER = YES;
				CLANG_WARN_RANGE_LOOP_ANALYSIS = YES;
				CLANG_WARN_STRICT_PROTOTYPES = YES;
				CLANG_WARN_SUSPICIOUS_MOVE = YES;
				CLANG_WARN_UNGUARDED_AVAILABILITY = YES_AGGRESSIVE;
				CLANG_WARN_UNREACHABLE_CODE = YES;
				CLANG_WARN__DUPLICATE_METHOD_MATCH = YES;
				COPY_PHASE_STRIP = NO;
				DEBUG_INFORMATION_FORMAT = "dwarf-with-dsym";
				ENABLE_NS_ASSERTIONS = NO;
				ENABLE_STRICT_OBJC_MSGSEND = YES;
				GCC_C_LANGUAGE_STANDARD = gnu11;
				GCC_NO_COMMON_BLOCKS = YES;
				GCC_WARN_64_TO_32_BIT_CONVERSION = YES;
				GCC_WARN_ABOUT_RETURN_TYPE = YES_ERROR;
				GCC_WARN_UNDECLARED_SELECTOR = YES;
				GCC_WARN_UNINITIALIZED_AUTOS = YES_AGGRESSIVE;
				GCC_WARN_UNUSED_FUNCTION = YES;
				GCC_WARN_UNUSED_VARIABLE = YES;
				IPHONEOS_DEPLOYMENT_TARGET = 16.0;
				MTL_ENABLE_DEBUG_INFO = NO;
				MTL_FAST_MATH = YES;
				SDKROOT = iphoneos;
				SWIFT_COMPILATION_MODE = wholemodule;
				SWIFT_OPTIMIZATION_LEVEL = "-O";
				VALIDATE_PRODUCT = YES;
			};
			name = Release;
		};
		7E1FCBF329CB486F0040C661 /* Debug */ = {
			isa = XCBuildConfiguration;
			buildSettings = {
				ASSETCATALOG_COMPILER_APPICON_NAME = AppIcon;
				ASSETCATALOG_COMPILER_GLOBAL_ACCENT_COLOR_NAME = AccentColor;
				CODE_SIGN_STYLE = Automatic;
				CURRENT_PROJECT_VERSION = 1;
				DEVELOPMENT_ASSET_PATHS = "\"Pinch/Preview Content\"";
				DEVELOPMENT_TEAM = XHS45SMUM2;
				ENABLE_PREVIEWS = YES;
				GENERATE_INFOPLIST_FILE = YES;
				INFOPLIST_KEY_UIApplicationSceneManifest_Generation = YES;
				INFOPLIST_KEY_UIApplicationSupportsIndirectInputEvents = YES;
				INFOPLIST_KEY_UILaunchScreen_Generation = YES;
				INFOPLIST_KEY_UISupportedInterfaceOrientations_iPad = "UIInterfaceOrientationPortrait UIInterfaceOrientationPortraitUpsideDown UIInterfaceOrientationLandscapeLeft UIInterfaceOrientationLandscapeRight";
				INFOPLIST_KEY_UISupportedInterfaceOrientations_iPhone = "UIInterfaceOrientationPortrait UIInterfaceOrientationLandscapeLeft UIInterfaceOrientationLandscapeRight";
				LD_RUNPATH_SEARCH_PATHS = (
					"$(inherited)",
					"@executable_path/Frameworks",
				);
				MARKETING_VERSION = 1.0;
				PRODUCT_BUNDLE_IDENTIFIER = com.calance.Pinch;
				PRODUCT_NAME = "$(TARGET_NAME)";
				SWIFT_EMIT_LOC_STRINGS = YES;
				SWIFT_VERSION = 5.0;
				TARGETED_DEVICE_FAMILY = "1,2";
			};
			name = Debug;
		};
		7E1FCBF429CB486F0040C661 /* Release */ = {
			isa = XCBuildConfiguration;
			buildSettings = {
				ASSETCATALOG_COMPILER_APPICON_NAME = AppIcon;
				ASSETCATALOG_COMPILER_GLOBAL_ACCENT_COLOR_NAME = AccentColor;
				CODE_SIGN_STYLE = Automatic;
				CURRENT_PROJECT_VERSION = 1;
				DEVELOPMENT_ASSET_PATHS = "\"Pinch/Preview Content\"";
				DEVELOPMENT_TEAM = XHS45SMUM2;
				ENABLE_PREVIEWS = YES;
				GENERATE_INFOPLIST_FILE = YES;
				INFOPLIST_KEY_UIApplicationSceneManifest_Generation = YES;
				INFOPLIST_KEY_UIApplicationSupportsIndirectInputEvents = YES;
				INFOPLIST_KEY_UILaunchScreen_Generation = YES;
				INFOPLIST_KEY_UISupportedInterfaceOrientations_iPad = "UIInterfaceOrientationPortrait UIInterfaceOrientationPortraitUpsideDown UIInterfaceOrientationLandscapeLeft UIInterfaceOrientationLandscapeRight";
				INFOPLIST_KEY_UISupportedInterfaceOrientations_iPhone = "UIInterfaceOrientationPortrait UIInterfaceOrientationLandscapeLeft UIInterfaceOrientationLandscapeRight";
				LD_RUNPATH_SEARCH_PATHS = (
					"$(inherited)",
					"@executable_path/Frameworks",
				);
				MARKETING_VERSION = 1.0;
				PRODUCT_BUNDLE_IDENTIFIER = com.calance.Pinch;
				PRODUCT_NAME = "$(TARGET_NAME)";
				SWIFT_EMIT_LOC_STRINGS = YES;
				SWIFT_VERSION = 5.0;
				TARGETED_DEVICE_FAMILY = "1,2";
			};
			name = Release;
		};
		7E1FCBF629CB486F0040C661 /* Debug */ = {
			isa = XCBuildConfiguration;
			buildSettings = {
				ALWAYS_EMBED_SWIFT_STANDARD_LIBRARIES = YES;
				BUNDLE_LOADER = "$(TEST_HOST)";
				CODE_SIGN_STYLE = Automatic;
				CURRENT_PROJECT_VERSION = 1;
				DEVELOPMENT_TEAM = XHS45SMUM2;
				GENERATE_INFOPLIST_FILE = YES;
				IPHONEOS_DEPLOYMENT_TARGET = 16.0;
				MARKETING_VERSION = 1.0;
				PRODUCT_BUNDLE_IDENTIFIER = com.calance.PinchTests;
				PRODUCT_NAME = "$(TARGET_NAME)";
				SWIFT_EMIT_LOC_STRINGS = NO;
				SWIFT_VERSION = 5.0;
				TARGETED_DEVICE_FAMILY = "1,2";
				TEST_HOST = "$(BUILT_PRODUCTS_DIR)/Pinch.app/$(BUNDLE_EXECUTABLE_FOLDER_PATH)/Pinch";
			};
			name = Debug;
		};
		7E1FCBF729CB486F0040C661 /* Release */ = {
			isa = XCBuildConfiguration;
			buildSettings = {
				ALWAYS_EMBED_SWIFT_STANDARD_LIBRARIES = YES;
				BUNDLE_LOADER = "$(TEST_HOST)";
				CODE_SIGN_STYLE = Automatic;
				CURRENT_PROJECT_VERSION = 1;
				DEVELOPMENT_TEAM = XHS45SMUM2;
				GENERATE_INFOPLIST_FILE = YES;
				IPHONEOS_DEPLOYMENT_TARGET = 16.0;
				MARKETING_VERSION = 1.0;
				PRODUCT_BUNDLE_IDENTIFIER = com.calance.PinchTests;
				PRODUCT_NAME = "$(TARGET_NAME)";
				SWIFT_EMIT_LOC_STRINGS = NO;
				SWIFT_VERSION = 5.0;
				TARGETED_DEVICE_FAMILY = "1,2";
				TEST_HOST = "$(BUILT_PRODUCTS_DIR)/Pinch.app/$(BUNDLE_EXECUTABLE_FOLDER_PATH)/Pinch";
			};
			name = Release;
		};
		7E1FCBF929CB486F0040C661 /* Debug */ = {
			isa = XCBuildConfiguration;
			buildSettings = {
				ALWAYS_EMBED_SWIFT_STANDARD_LIBRARIES = YES;
				CODE_SIGN_STYLE = Automatic;
				CURRENT_PROJECT_VERSION = 1;
				DEVELOPMENT_TEAM = XHS45SMUM2;
				GENERATE_INFOPLIST_FILE = YES;
				MARKETING_VERSION = 1.0;
				PRODUCT_BUNDLE_IDENTIFIER = com.calance.PinchUITests;
				PRODUCT_NAME = "$(TARGET_NAME)";
				SWIFT_EMIT_LOC_STRINGS = NO;
				SWIFT_VERSION = 5.0;
				TARGETED_DEVICE_FAMILY = "1,2";
				TEST_TARGET_NAME = Pinch;
			};
			name = Debug;
		};
		7E1FCBFA29CB486F0040C661 /* Release */ = {
			isa = XCBuildConfiguration;
			buildSettings = {
				ALWAYS_EMBED_SWIFT_STANDARD_LIBRARIES = YES;
				CODE_SIGN_STYLE = Automatic;
				CURRENT_PROJECT_VERSION = 1;
				DEVELOPMENT_TEAM = XHS45SMUM2;
				GENERATE_INFOPLIST_FILE = YES;
				MARKETING_VERSION = 1.0;
				PRODUCT_BUNDLE_IDENTIFIER = com.calance.PinchUITests;
				PRODUCT_NAME = "$(TARGET_NAME)";
				SWIFT_EMIT_LOC_STRINGS = NO;
				SWIFT_VERSION = 5.0;
				TARGETED_DEVICE_FAMILY = "1,2";
				TEST_TARGET_NAME = Pinch;
			};
			name = Release;
		};
/* End XCBuildConfiguration section */

/* Begin XCConfigurationList section */
		7E1FCBC929CB486E0040C661 /* Build configuration list for PBXProject "Pinch" */ = {
			isa = XCConfigurationList;
			buildConfigurations = (
				7E1FCBF029CB486F0040C661 /* Debug */,
				7E1FCBF129CB486F0040C661 /* Release */,
			);
			defaultConfigurationIsVisible = 0;
			defaultConfigurationName = Release;
		};
		7E1FCBF229CB486F0040C661 /* Build configuration list for PBXNativeTarget "Pinch" */ = {
			isa = XCConfigurationList;
			buildConfigurations = (
				7E1FCBF329CB486F0040C661 /* Debug */,
				7E1FCBF429CB486F0040C661 /* Release */,
			);
			defaultConfigurationIsVisible = 0;
			defaultConfigurationName = Release;
		};
		7E1FCBF529CB486F0040C661 /* Build configuration list for PBXNativeTarget "PinchTests" */ = {
			isa = XCConfigurationList;
			buildConfigurations = (
				7E1FCBF629CB486F0040C661 /* Debug */,
				7E1FCBF729CB486F0040C661 /* Release */,
			);
			defaultConfigurationIsVisible = 0;
			defaultConfigurationName = Release;
		};
		7E1FCBF829CB486F0040C661 /* Build configuration list for PBXNativeTarget "PinchUITests" */ = {
			isa = XCConfigurationList;
			buildConfigurations = (
				7E1FCBF929CB486F0040C661 /* Debug */,
				7E1FCBFA29CB486F0040C661 /* Release */,
			);
			defaultConfigurationIsVisible = 0;
			defaultConfigurationName = Release;
		};
/* End XCConfigurationList section */
	};
	rootObject = 7E1FCBC629CB486E0040C661 /* Project object */;
}
